// !$*UTF8*$!
{
	archiveVersion = 1;
	classes = {
	};
	objectVersion = 46;
	objects = {

/* Begin PBXAggregateTarget section */
		764BC8F715712B64002C4942 /* CTATransitApiWrapper-Universal */ = {
			isa = PBXAggregateTarget;
			buildConfigurationList = 764BC8F815712B64002C4942 /* Build configuration list for PBXAggregateTarget "CTATransitApiWrapper-Universal" */;
			buildPhases = (
				764BC91715712DDD002C4942 /* ShellScript */,
			);
			dependencies = (
				7685B62C157E5F7500A2DA9B /* PBXTargetDependency */,
			);
			name = "CTATransitApiWrapper-Universal";
			productName = "CTATransitApiWrapper-Universal";
		};
/* End PBXAggregateTarget section */

/* Begin PBXBuildFile section */
		764001C6155B264500C25534 /* UIKit.framework in Frameworks */ = {isa = PBXBuildFile; fileRef = 764001C5155B264500C25534 /* UIKit.framework */; };
		764001C8155B264500C25534 /* Foundation.framework in Frameworks */ = {isa = PBXBuildFile; fileRef = 764001C7155B264500C25534 /* Foundation.framework */; };
		764001CA155B264500C25534 /* CoreGraphics.framework in Frameworks */ = {isa = PBXBuildFile; fileRef = 764001C9155B264500C25534 /* CoreGraphics.framework */; };
		764001D0155B264500C25534 /* InfoPlist.strings in Resources */ = {isa = PBXBuildFile; fileRef = 764001CE155B264500C25534 /* InfoPlist.strings */; };
		764001D2155B264500C25534 /* main.m in Sources */ = {isa = PBXBuildFile; fileRef = 764001D1155B264500C25534 /* main.m */; };
		764001D6155B264500C25534 /* SGAppDelegate.m in Sources */ = {isa = PBXBuildFile; fileRef = 764001D5155B264500C25534 /* SGAppDelegate.m */; };
		764001D9155B264500C25534 /* MainStoryboard.storyboard in Resources */ = {isa = PBXBuildFile; fileRef = 764001D7155B264500C25534 /* MainStoryboard.storyboard */; };
		764001DC155B264500C25534 /* SGMainViewController.m in Sources */ = {isa = PBXBuildFile; fileRef = 764001DB155B264500C25534 /* SGMainViewController.m */; };
		764001DF155B264500C25534 /* SGFlipsideViewController.m in Sources */ = {isa = PBXBuildFile; fileRef = 764001DE155B264500C25534 /* SGFlipsideViewController.m */; };
		764001E7155B26E300C25534 /* SGCTATrainTool.m in Sources */ = {isa = PBXBuildFile; fileRef = 764001E6155B26E300C25534 /* SGCTATrainTool.m */; };
		764001F1155B305400C25534 /* SGTrainResponse.m in Sources */ = {isa = PBXBuildFile; fileRef = 764001F0155B305400C25534 /* SGTrainResponse.m */; };
		764008C3155BEE9F00C25534 /* GDataXMLNode.m in Sources */ = {isa = PBXBuildFile; fileRef = 764008C2155BEE9F00C25534 /* GDataXMLNode.m */; settings = {COMPILER_FLAGS = "-fno-objc-arc"; }; };
		764008C5155BEEBB00C25534 /* libxml2.2.7.3.dylib in Frameworks */ = {isa = PBXBuildFile; fileRef = 764008C4155BEEBB00C25534 /* libxml2.2.7.3.dylib */; };
		764008C8155BEFFE00C25534 /* SGTrainResponseGenerator.m in Sources */ = {isa = PBXBuildFile; fileRef = 764008C7155BEFFE00C25534 /* SGTrainResponseGenerator.m */; };
		764008CB155BF26300C25534 /* SGTrain.m in Sources */ = {isa = PBXBuildFile; fileRef = 764008CA155BF26300C25534 /* SGTrain.m */; };
		764008D8155BF56100C25534 /* NSDate+CTADate.m in Sources */ = {isa = PBXBuildFile; fileRef = 764008D7155BF56100C25534 /* NSDate+CTADate.m */; };
		764BC90015712BB9002C4942 /* Foundation.framework in Frameworks */ = {isa = PBXBuildFile; fileRef = 764001C7155B264500C25534 /* Foundation.framework */; };
		764BC90A15712C1A002C4942 /* NSDate+CTADate.m in Sources */ = {isa = PBXBuildFile; fileRef = 764008D7155BF56100C25534 /* NSDate+CTADate.m */; };
		764BC90B15712C1A002C4942 /* SGTrainResponse.m in Sources */ = {isa = PBXBuildFile; fileRef = 764001F0155B305400C25534 /* SGTrainResponse.m */; };
		764BC90C15712C1A002C4942 /* SGTrain.m in Sources */ = {isa = PBXBuildFile; fileRef = 764008CA155BF26300C25534 /* SGTrain.m */; };
		764BC90D15712C1A002C4942 /* SGCTATrainTool.m in Sources */ = {isa = PBXBuildFile; fileRef = 764001E6155B26E300C25534 /* SGCTATrainTool.m */; };
		764BC90E15712C1A002C4942 /* SGTrainResponseGenerator.m in Sources */ = {isa = PBXBuildFile; fileRef = 764008C7155BEFFE00C25534 /* SGTrainResponseGenerator.m */; };
		764BC90F15712C1A002C4942 /* GDataXMLNode.m in Sources */ = {isa = PBXBuildFile; fileRef = 764008C2155BEE9F00C25534 /* GDataXMLNode.m */; settings = {COMPILER_FLAGS = "-fno-objc-arc"; }; };
		764BC91015712C28002C4942 /* libxml2.2.7.3.dylib in Frameworks */ = {isa = PBXBuildFile; fileRef = 764008C4155BEEBB00C25534 /* libxml2.2.7.3.dylib */; };
		764BC91D15712F31002C4942 /* NSDate+CTADate.h in Headers */ = {isa = PBXBuildFile; fileRef = 764008D6155BF56100C25534 /* NSDate+CTADate.h */; settings = {ATTRIBUTES = (Public, ); }; };
		764BC91E15712F3E002C4942 /* SGTrainResponse.h in Headers */ = {isa = PBXBuildFile; fileRef = 764001EF155B305400C25534 /* SGTrainResponse.h */; settings = {ATTRIBUTES = (Public, ); }; };
		764BC91F15712F40002C4942 /* SGTrain.h in Headers */ = {isa = PBXBuildFile; fileRef = 764008C9155BF26300C25534 /* SGTrain.h */; settings = {ATTRIBUTES = (Public, ); }; };
		764BC92015712F43002C4942 /* SGCTATrainTool.h in Headers */ = {isa = PBXBuildFile; fileRef = 764001E5155B26E300C25534 /* SGCTATrainTool.h */; settings = {ATTRIBUTES = (Public, ); }; };
		764BC92115712F45002C4942 /* SGTrainResponseGenerator.h in Headers */ = {isa = PBXBuildFile; fileRef = 764008C6155BEFFE00C25534 /* SGTrainResponseGenerator.h */; settings = {ATTRIBUTES = (Public, ); }; };
		7692E2F0155C8560009B89B4 /* sushiGrassStickerLogo.png in Resources */ = {isa = PBXBuildFile; fileRef = 7692E2EF155C8560009B89B4 /* sushiGrassStickerLogo.png */; };
		76A67121157403930068DE64 /* GDataXMLNode.h in Headers */ = {isa = PBXBuildFile; fileRef = 764008C1155BEE9F00C25534 /* GDataXMLNode.h */; settings = {ATTRIBUTES = (Public, ); }; };
/* End PBXBuildFile section */

/* Begin PBXContainerItemProxy section */
		7685B62B157E5F7500A2DA9B /* PBXContainerItemProxy */ = {
			isa = PBXContainerItemProxy;
			containerPortal = 764001B8155B264500C25534 /* Project object */;
			proxyType = 1;
			remoteGlobalIDString = 764BC8FE15712BB9002C4942;
			remoteInfo = CTATransitApi;
		};
/* End PBXContainerItemProxy section */

/* Begin PBXFileReference section */
		764001C1155B264500C25534 /* CTATransitApiWrapper.app */ = {isa = PBXFileReference; explicitFileType = wrapper.application; includeInIndex = 0; path = CTATransitApiWrapper.app; sourceTree = BUILT_PRODUCTS_DIR; };
		764001C5155B264500C25534 /* UIKit.framework */ = {isa = PBXFileReference; lastKnownFileType = wrapper.framework; name = UIKit.framework; path = System/Library/Frameworks/UIKit.framework; sourceTree = SDKROOT; };
		764001C7155B264500C25534 /* Foundation.framework */ = {isa = PBXFileReference; lastKnownFileType = wrapper.framework; name = Foundation.framework; path = System/Library/Frameworks/Foundation.framework; sourceTree = SDKROOT; };
		764001C9155B264500C25534 /* CoreGraphics.framework */ = {isa = PBXFileReference; lastKnownFileType = wrapper.framework; name = CoreGraphics.framework; path = System/Library/Frameworks/CoreGraphics.framework; sourceTree = SDKROOT; };
		764001CD155B264500C25534 /* CTATransitApiWrapper-Info.plist */ = {isa = PBXFileReference; lastKnownFileType = text.plist.xml; path = "CTATransitApiWrapper-Info.plist"; sourceTree = "<group>"; };
		764001CF155B264500C25534 /* en */ = {isa = PBXFileReference; lastKnownFileType = text.plist.strings; name = en; path = en.lproj/InfoPlist.strings; sourceTree = "<group>"; };
		764001D1155B264500C25534 /* main.m */ = {isa = PBXFileReference; lastKnownFileType = sourcecode.c.objc; path = main.m; sourceTree = "<group>"; };
		764001D3155B264500C25534 /* CTATransitApiWrapper-Prefix.pch */ = {isa = PBXFileReference; lastKnownFileType = sourcecode.c.h; path = "CTATransitApiWrapper-Prefix.pch"; sourceTree = "<group>"; };
		764001D4155B264500C25534 /* SGAppDelegate.h */ = {isa = PBXFileReference; lastKnownFileType = sourcecode.c.h; path = SGAppDelegate.h; sourceTree = "<group>"; };
		764001D5155B264500C25534 /* SGAppDelegate.m */ = {isa = PBXFileReference; lastKnownFileType = sourcecode.c.objc; path = SGAppDelegate.m; sourceTree = "<group>"; };
		764001D8155B264500C25534 /* en */ = {isa = PBXFileReference; lastKnownFileType = file.storyboard; name = en; path = en.lproj/MainStoryboard.storyboard; sourceTree = "<group>"; };
		764001DA155B264500C25534 /* SGMainViewController.h */ = {isa = PBXFileReference; lastKnownFileType = sourcecode.c.h; path = SGMainViewController.h; sourceTree = "<group>"; };
		764001DB155B264500C25534 /* SGMainViewController.m */ = {isa = PBXFileReference; lastKnownFileType = sourcecode.c.objc; path = SGMainViewController.m; sourceTree = "<group>"; };
		764001DD155B264500C25534 /* SGFlipsideViewController.h */ = {isa = PBXFileReference; lastKnownFileType = sourcecode.c.h; path = SGFlipsideViewController.h; sourceTree = "<group>"; };
		764001DE155B264500C25534 /* SGFlipsideViewController.m */ = {isa = PBXFileReference; lastKnownFileType = sourcecode.c.objc; path = SGFlipsideViewController.m; sourceTree = "<group>"; };
		764001E5155B26E300C25534 /* SGCTATrainTool.h */ = {isa = PBXFileReference; fileEncoding = 4; lastKnownFileType = sourcecode.c.h; path = SGCTATrainTool.h; sourceTree = "<group>"; };
		764001E6155B26E300C25534 /* SGCTATrainTool.m */ = {isa = PBXFileReference; fileEncoding = 4; lastKnownFileType = sourcecode.c.objc; path = SGCTATrainTool.m; sourceTree = "<group>"; };
		764001EF155B305400C25534 /* SGTrainResponse.h */ = {isa = PBXFileReference; fileEncoding = 4; lastKnownFileType = sourcecode.c.h; path = SGTrainResponse.h; sourceTree = "<group>"; };
		764001F0155B305400C25534 /* SGTrainResponse.m */ = {isa = PBXFileReference; fileEncoding = 4; lastKnownFileType = sourcecode.c.objc; path = SGTrainResponse.m; sourceTree = "<group>"; };
		764008C1155BEE9F00C25534 /* GDataXMLNode.h */ = {isa = PBXFileReference; fileEncoding = 4; lastKnownFileType = sourcecode.c.h; path = GDataXMLNode.h; sourceTree = "<group>"; };
		764008C2155BEE9F00C25534 /* GDataXMLNode.m */ = {isa = PBXFileReference; fileEncoding = 4; lastKnownFileType = sourcecode.c.objc; path = GDataXMLNode.m; sourceTree = "<group>"; };
		764008C4155BEEBB00C25534 /* libxml2.2.7.3.dylib */ = {isa = PBXFileReference; lastKnownFileType = "compiled.mach-o.dylib"; name = libxml2.2.7.3.dylib; path = usr/lib/libxml2.2.7.3.dylib; sourceTree = SDKROOT; };
		764008C6155BEFFE00C25534 /* SGTrainResponseGenerator.h */ = {isa = PBXFileReference; fileEncoding = 4; lastKnownFileType = sourcecode.c.h; path = SGTrainResponseGenerator.h; sourceTree = "<group>"; };
		764008C7155BEFFE00C25534 /* SGTrainResponseGenerator.m */ = {isa = PBXFileReference; fileEncoding = 4; lastKnownFileType = sourcecode.c.objc; path = SGTrainResponseGenerator.m; sourceTree = "<group>"; };
		764008C9155BF26300C25534 /* SGTrain.h */ = {isa = PBXFileReference; fileEncoding = 4; lastKnownFileType = sourcecode.c.h; path = SGTrain.h; sourceTree = "<group>"; };
		764008CA155BF26300C25534 /* SGTrain.m */ = {isa = PBXFileReference; fileEncoding = 4; lastKnownFileType = sourcecode.c.objc; path = SGTrain.m; sourceTree = "<group>"; };
		764008D6155BF56100C25534 /* NSDate+CTADate.h */ = {isa = PBXFileReference; fileEncoding = 4; lastKnownFileType = sourcecode.c.h; path = "NSDate+CTADate.h"; sourceTree = "<group>"; };
		764008D7155BF56100C25534 /* NSDate+CTADate.m */ = {isa = PBXFileReference; fileEncoding = 4; lastKnownFileType = sourcecode.c.objc; path = "NSDate+CTADate.m"; sourceTree = "<group>"; };
		764BC8FF15712BB9002C4942 /* libCTATransitApi.a */ = {isa = PBXFileReference; explicitFileType = archive.ar; includeInIndex = 0; path = libCTATransitApi.a; sourceTree = BUILT_PRODUCTS_DIR; };
		764BC90315712BB9002C4942 /* CTATransitApi-Prefix.pch */ = {isa = PBXFileReference; lastKnownFileType = sourcecode.c.h; path = "CTATransitApi-Prefix.pch"; sourceTree = "<group>"; };
		764BC90415712BB9002C4942 /* CTATransitApi.h */ = {isa = PBXFileReference; lastKnownFileType = sourcecode.c.h; path = CTATransitApi.h; sourceTree = "<group>"; };
		7692E2EF155C8560009B89B4 /* sushiGrassStickerLogo.png */ = {isa = PBXFileReference; lastKnownFileType = image.png; path = sushiGrassStickerLogo.png; sourceTree = "<group>"; };
/* End PBXFileReference section */

/* Begin PBXFrameworksBuildPhase section */
		764001BE155B264500C25534 /* Frameworks */ = {
			isa = PBXFrameworksBuildPhase;
			buildActionMask = 2147483647;
			files = (
				764008C5155BEEBB00C25534 /* libxml2.2.7.3.dylib in Frameworks */,
				764001C6155B264500C25534 /* UIKit.framework in Frameworks */,
				764001C8155B264500C25534 /* Foundation.framework in Frameworks */,
				764001CA155B264500C25534 /* CoreGraphics.framework in Frameworks */,
			);
			runOnlyForDeploymentPostprocessing = 0;
		};
		764BC8FC15712BB9002C4942 /* Frameworks */ = {
			isa = PBXFrameworksBuildPhase;
			buildActionMask = 2147483647;
			files = (
				764BC91015712C28002C4942 /* libxml2.2.7.3.dylib in Frameworks */,
				764BC90015712BB9002C4942 /* Foundation.framework in Frameworks */,
			);
			runOnlyForDeploymentPostprocessing = 0;
		};
/* End PBXFrameworksBuildPhase section */

/* Begin PBXGroup section */
		764001B6155B264500C25534 = {
			isa = PBXGroup;
			children = (
				764001CB155B264500C25534 /* CTATransitApiWrapper */,
				764BC90115712BB9002C4942 /* CTATransitApi */,
				764001C4155B264500C25534 /* Frameworks */,
				764001C2155B264500C25534 /* Products */,
			);
			sourceTree = "<group>";
		};
		764001C2155B264500C25534 /* Products */ = {
			isa = PBXGroup;
			children = (
				764001C1155B264500C25534 /* CTATransitApiWrapper.app */,
				764BC8FF15712BB9002C4942 /* libCTATransitApi.a */,
			);
			name = Products;
			sourceTree = "<group>";
		};
		764001C4155B264500C25534 /* Frameworks */ = {
			isa = PBXGroup;
			children = (
				764008C4155BEEBB00C25534 /* libxml2.2.7.3.dylib */,
				764008C0155BEE9F00C25534 /* XMLSupport */,
				764001C5155B264500C25534 /* UIKit.framework */,
				764001C7155B264500C25534 /* Foundation.framework */,
				764001C9155B264500C25534 /* CoreGraphics.framework */,
			);
			name = Frameworks;
			sourceTree = "<group>";
		};
		764001CB155B264500C25534 /* CTATransitApiWrapper */ = {
			isa = PBXGroup;
			children = (
				764008D1155BF34F00C25534 /* Categories */,
				764001EC155B302600C25534 /* Train */,
				764008D0155BF33C00C25534 /* iOS App Files */,
				764001CC155B264500C25534 /* Supporting Files */,
			);
			path = CTATransitApiWrapper;
			sourceTree = "<group>";
		};
		764001CC155B264500C25534 /* Supporting Files */ = {
			isa = PBXGroup;
			children = (
				7692E2EF155C8560009B89B4 /* sushiGrassStickerLogo.png */,
				764001CD155B264500C25534 /* CTATransitApiWrapper-Info.plist */,
				764001CE155B264500C25534 /* InfoPlist.strings */,
				764001D1155B264500C25534 /* main.m */,
				764001D3155B264500C25534 /* CTATransitApiWrapper-Prefix.pch */,
			);
			name = "Supporting Files";
			sourceTree = "<group>";
		};
		764001EC155B302600C25534 /* Train */ = {
			isa = PBXGroup;
			children = (
				764001EE155B304000C25534 /* Model */,
				764001ED155B303600C25534 /* Controllers */,
			);
			name = Train;
			sourceTree = "<group>";
		};
		764001ED155B303600C25534 /* Controllers */ = {
			isa = PBXGroup;
			children = (
				764001E5155B26E300C25534 /* SGCTATrainTool.h */,
				764001E6155B26E300C25534 /* SGCTATrainTool.m */,
				764008C6155BEFFE00C25534 /* SGTrainResponseGenerator.h */,
				764008C7155BEFFE00C25534 /* SGTrainResponseGenerator.m */,
			);
			name = Controllers;
			sourceTree = "<group>";
		};
		764001EE155B304000C25534 /* Model */ = {
			isa = PBXGroup;
			children = (
				764001EF155B305400C25534 /* SGTrainResponse.h */,
				764001F0155B305400C25534 /* SGTrainResponse.m */,
				764008C9155BF26300C25534 /* SGTrain.h */,
				764008CA155BF26300C25534 /* SGTrain.m */,
			);
			name = Model;
			sourceTree = "<group>";
		};
		764008C0155BEE9F00C25534 /* XMLSupport */ = {
			isa = PBXGroup;
			children = (
				764008C1155BEE9F00C25534 /* GDataXMLNode.h */,
				764008C2155BEE9F00C25534 /* GDataXMLNode.m */,
			);
			path = XMLSupport;
			sourceTree = "<group>";
		};
		764008D0155BF33C00C25534 /* iOS App Files */ = {
			isa = PBXGroup;
			children = (
				764001D4155B264500C25534 /* SGAppDelegate.h */,
				764001D5155B264500C25534 /* SGAppDelegate.m */,
				764001D7155B264500C25534 /* MainStoryboard.storyboard */,
				764001DA155B264500C25534 /* SGMainViewController.h */,
				764001DB155B264500C25534 /* SGMainViewController.m */,
				764001DD155B264500C25534 /* SGFlipsideViewController.h */,
				764001DE155B264500C25534 /* SGFlipsideViewController.m */,
			);
			name = "iOS App Files";
			sourceTree = "<group>";
		};
		764008D1155BF34F00C25534 /* Categories */ = {
			isa = PBXGroup;
			children = (
				764008D6155BF56100C25534 /* NSDate+CTADate.h */,
				764008D7155BF56100C25534 /* NSDate+CTADate.m */,
			);
			name = Categories;
			sourceTree = "<group>";
		};
		764BC90115712BB9002C4942 /* CTATransitApi */ = {
			isa = PBXGroup;
			children = (
				764BC90415712BB9002C4942 /* CTATransitApi.h */,
				764BC90215712BB9002C4942 /* Supporting Files */,
			);
			path = CTATransitApi;
			sourceTree = "<group>";
		};
		764BC90215712BB9002C4942 /* Supporting Files */ = {
			isa = PBXGroup;
			children = (
				764BC90315712BB9002C4942 /* CTATransitApi-Prefix.pch */,
			);
			name = "Supporting Files";
			sourceTree = "<group>";
		};
/* End PBXGroup section */

/* Begin PBXHeadersBuildPhase section */
		764BC8FD15712BB9002C4942 /* Headers */ = {
			isa = PBXHeadersBuildPhase;
			buildActionMask = 2147483647;
			files = (
				764BC91D15712F31002C4942 /* NSDate+CTADate.h in Headers */,
				764BC91E15712F3E002C4942 /* SGTrainResponse.h in Headers */,
				764BC91F15712F40002C4942 /* SGTrain.h in Headers */,
				76A67121157403930068DE64 /* GDataXMLNode.h in Headers */,
				764BC92015712F43002C4942 /* SGCTATrainTool.h in Headers */,
				764BC92115712F45002C4942 /* SGTrainResponseGenerator.h in Headers */,
			);
			runOnlyForDeploymentPostprocessing = 0;
		};
/* End PBXHeadersBuildPhase section */

/* Begin PBXNativeTarget section */
		764001C0155B264500C25534 /* CTATransitApiWrapper */ = {
			isa = PBXNativeTarget;
			buildConfigurationList = 764001E2155B264500C25534 /* Build configuration list for PBXNativeTarget "CTATransitApiWrapper" */;
			buildPhases = (
				764001BD155B264500C25534 /* Sources */,
				764001BE155B264500C25534 /* Frameworks */,
				764001BF155B264500C25534 /* Resources */,
			);
			buildRules = (
			);
			dependencies = (
			);
			name = CTATransitApiWrapper;
			productName = CTATransitApiWrapper;
			productReference = 764001C1155B264500C25534 /* CTATransitApiWrapper.app */;
			productType = "com.apple.product-type.application";
		};
		764BC8FE15712BB9002C4942 /* CTATransitApi */ = {
			isa = PBXNativeTarget;
			buildConfigurationList = 764BC90715712BB9002C4942 /* Build configuration list for PBXNativeTarget "CTATransitApi" */;
			buildPhases = (
				764BC8FB15712BB9002C4942 /* Sources */,
				764BC8FC15712BB9002C4942 /* Frameworks */,
				764BC8FD15712BB9002C4942 /* Headers */,
			);
			buildRules = (
			);
			dependencies = (
			);
			name = CTATransitApi;
			productName = CTATransitApi;
			productReference = 764BC8FF15712BB9002C4942 /* libCTATransitApi.a */;
			productType = "com.apple.product-type.library.static";
		};
/* End PBXNativeTarget section */

/* Begin PBXProject section */
		764001B8155B264500C25534 /* Project object */ = {
			isa = PBXProject;
			attributes = {
				CLASSPREFIX = SG;
				LastUpgradeCheck = 0430;
				ORGANIZATIONNAME = sushiGrass;
			};
			buildConfigurationList = 764001BB155B264500C25534 /* Build configuration list for PBXProject "CTATransitApiWrapper" */;
			compatibilityVersion = "Xcode 3.2";
			developmentRegion = English;
			hasScannedForEncodings = 0;
			knownRegions = (
				en,
				English,
			);
			mainGroup = 764001B6155B264500C25534;
			productRefGroup = 764001C2155B264500C25534 /* Products */;
			projectDirPath = "";
			projectRoot = "";
			targets = (
				764001C0155B264500C25534 /* CTATransitApiWrapper */,
				764BC8F715712B64002C4942 /* CTATransitApiWrapper-Universal */,
				764BC8FE15712BB9002C4942 /* CTATransitApi */,
			);
		};
/* End PBXProject section */

/* Begin PBXResourcesBuildPhase section */
		764001BF155B264500C25534 /* Resources */ = {
			isa = PBXResourcesBuildPhase;
			buildActionMask = 2147483647;
			files = (
				764001D0155B264500C25534 /* InfoPlist.strings in Resources */,
				764001D9155B264500C25534 /* MainStoryboard.storyboard in Resources */,
				7692E2F0155C8560009B89B4 /* sushiGrassStickerLogo.png in Resources */,
			);
			runOnlyForDeploymentPostprocessing = 0;
		};
/* End PBXResourcesBuildPhase section */

/* Begin PBXShellScriptBuildPhase section */
		764BC91715712DDD002C4942 /* ShellScript */ = {
			isa = PBXShellScriptBuildPhase;
			buildActionMask = 2147483647;
			files = (
			);
			inputPaths = (
			);
			outputPaths = (
			);
			runOnlyForDeploymentPostprocessing = 0;
			shellPath = /bin/sh;
			shellScript = "xcodebuild -sdk iphonesimulator -target CTATransitApi -configuration ${CONFIGURATION} BUILD_DIR=${BUILD_DIR} CONFIGURATION_TEMP_DIR=${CONFIGURATION_TEMP_DIR}\nxcodebuild -sdk iphoneos -target CTATransitApi -configuration ${CONFIGURATION} BUILD_DIR=${BUILD_DIR} CONFIGURATION_TEMP_DIR=${CONFIGURATION_TEMP_DIR}\n\nmkdir -p \"${BUILD_DIR}/${CONFIGURATION}-universal\"\n\nlipo \\\n\"${BUILD_DIR}/${CONFIGURATION}-iphoneos/libCTATransitApi.a\" \\\n\"${BUILD_DIR}/${CONFIGURATION}-iphonesimulator/libCTATransitApi.a\" \\\n-create -output \"${BUILD_DIR}/${CONFIGURATION}-universal/libCTATransitApi.a\"";
		};
/* End PBXShellScriptBuildPhase section */

/* Begin PBXSourcesBuildPhase section */
		764001BD155B264500C25534 /* Sources */ = {
			isa = PBXSourcesBuildPhase;
			buildActionMask = 2147483647;
			files = (
				764001D2155B264500C25534 /* main.m in Sources */,
				764001D6155B264500C25534 /* SGAppDelegate.m in Sources */,
				764001DC155B264500C25534 /* SGMainViewController.m in Sources */,
				764001DF155B264500C25534 /* SGFlipsideViewController.m in Sources */,
				764001E7155B26E300C25534 /* SGCTATrainTool.m in Sources */,
				764001F1155B305400C25534 /* SGTrainResponse.m in Sources */,
				764008C3155BEE9F00C25534 /* GDataXMLNode.m in Sources */,
				764008C8155BEFFE00C25534 /* SGTrainResponseGenerator.m in Sources */,
				764008CB155BF26300C25534 /* SGTrain.m in Sources */,
				764008D8155BF56100C25534 /* NSDate+CTADate.m in Sources */,
			);
			runOnlyForDeploymentPostprocessing = 0;
		};
		764BC8FB15712BB9002C4942 /* Sources */ = {
			isa = PBXSourcesBuildPhase;
			buildActionMask = 2147483647;
			files = (
				764BC90A15712C1A002C4942 /* NSDate+CTADate.m in Sources */,
				764BC90B15712C1A002C4942 /* SGTrainResponse.m in Sources */,
				764BC90C15712C1A002C4942 /* SGTrain.m in Sources */,
				764BC90D15712C1A002C4942 /* SGCTATrainTool.m in Sources */,
				764BC90E15712C1A002C4942 /* SGTrainResponseGenerator.m in Sources */,
				764BC90F15712C1A002C4942 /* GDataXMLNode.m in Sources */,
			);
			runOnlyForDeploymentPostprocessing = 0;
		};
/* End PBXSourcesBuildPhase section */

/* Begin PBXTargetDependency section */
		7685B62C157E5F7500A2DA9B /* PBXTargetDependency */ = {
			isa = PBXTargetDependency;
			target = 764BC8FE15712BB9002C4942 /* CTATransitApi */;
			targetProxy = 7685B62B157E5F7500A2DA9B /* PBXContainerItemProxy */;
		};
/* End PBXTargetDependency section */

/* Begin PBXVariantGroup section */
		764001CE155B264500C25534 /* InfoPlist.strings */ = {
			isa = PBXVariantGroup;
			children = (
				764001CF155B264500C25534 /* en */,
			);
			name = InfoPlist.strings;
			sourceTree = "<group>";
		};
		764001D7155B264500C25534 /* MainStoryboard.storyboard */ = {
			isa = PBXVariantGroup;
			children = (
				764001D8155B264500C25534 /* en */,
			);
			name = MainStoryboard.storyboard;
			sourceTree = "<group>";
		};
/* End PBXVariantGroup section */

/* Begin XCBuildConfiguration section */
		764001E0155B264500C25534 /* Debug */ = {
			isa = XCBuildConfiguration;
			buildSettings = {
				ALWAYS_SEARCH_USER_PATHS = NO;
				ARCHS = "$(ARCHS_STANDARD_32_BIT)";
				CLANG_ENABLE_OBJC_ARC = YES;
				"CODE_SIGN_IDENTITY[sdk=iphoneos*]" = "iPhone Developer";
				COPY_PHASE_STRIP = NO;
				GCC_C_LANGUAGE_STANDARD = gnu99;
				GCC_DYNAMIC_NO_PIC = NO;
				GCC_OPTIMIZATION_LEVEL = 0;
				GCC_PREPROCESSOR_DEFINITIONS = (
					"DEBUG=1",
					"$(inherited)",
				);
				GCC_SYMBOLS_PRIVATE_EXTERN = NO;
				GCC_VERSION = com.apple.compilers.llvm.clang.1_0;
				GCC_WARN_ABOUT_RETURN_TYPE = YES;
				GCC_WARN_UNINITIALIZED_AUTOS = YES;
				GCC_WARN_UNUSED_VARIABLE = YES;
				IPHONEOS_DEPLOYMENT_TARGET = 5.1;
				SDKROOT = iphoneos;
			};
			name = Debug;
		};
		764001E1155B264500C25534 /* Release */ = {
			isa = XCBuildConfiguration;
			buildSettings = {
				ALWAYS_SEARCH_USER_PATHS = NO;
				ARCHS = "$(ARCHS_STANDARD_32_BIT)";
				CLANG_ENABLE_OBJC_ARC = YES;
				"CODE_SIGN_IDENTITY[sdk=iphoneos*]" = "iPhone Developer";
				COPY_PHASE_STRIP = YES;
				GCC_C_LANGUAGE_STANDARD = gnu99;
				GCC_VERSION = com.apple.compilers.llvm.clang.1_0;
				GCC_WARN_ABOUT_RETURN_TYPE = YES;
				GCC_WARN_UNINITIALIZED_AUTOS = YES;
				GCC_WARN_UNUSED_VARIABLE = YES;
				IPHONEOS_DEPLOYMENT_TARGET = 5.1;
				OTHER_CFLAGS = "-DNS_BLOCK_ASSERTIONS=1";
				SDKROOT = iphoneos;
				VALIDATE_PRODUCT = YES;
			};
			name = Release;
		};
		764001E3155B264500C25534 /* Debug */ = {
			isa = XCBuildConfiguration;
			buildSettings = {
				GCC_PRECOMPILE_PREFIX_HEADER = YES;
				GCC_PREFIX_HEADER = "CTATransitApiWrapper/CTATransitApiWrapper-Prefix.pch";
				HEADER_SEARCH_PATHS = "$(SDKROOT)/usr/include/libxml2/**";
				INFOPLIST_FILE = "CTATransitApiWrapper/CTATransitApiWrapper-Info.plist";
				PRODUCT_NAME = "$(TARGET_NAME)";
				WRAPPER_EXTENSION = app;
			};
			name = Debug;
		};
		764001E4155B264500C25534 /* Release */ = {
			isa = XCBuildConfiguration;
			buildSettings = {
				GCC_PRECOMPILE_PREFIX_HEADER = YES;
				GCC_PREFIX_HEADER = "CTATransitApiWrapper/CTATransitApiWrapper-Prefix.pch";
				HEADER_SEARCH_PATHS = "$(SDKROOT)/usr/include/libxml2/**";
				INFOPLIST_FILE = "CTATransitApiWrapper/CTATransitApiWrapper-Info.plist";
				PRODUCT_NAME = "$(TARGET_NAME)";
				WRAPPER_EXTENSION = app;
			};
			name = Release;
		};
		764BC8F915712B64002C4942 /* Debug */ = {
			isa = XCBuildConfiguration;
			buildSettings = {
				PRODUCT_NAME = "$(TARGET_NAME)";
			};
			name = Debug;
		};
		764BC8FA15712B64002C4942 /* Release */ = {
			isa = XCBuildConfiguration;
			buildSettings = {
				PRODUCT_NAME = "$(TARGET_NAME)";
			};
			name = Release;
		};
		764BC90815712BB9002C4942 /* Debug */ = {
			isa = XCBuildConfiguration;
			buildSettings = {
				DSTROOT = /tmp/CTATransitApi.dst;
				GCC_PRECOMPILE_PREFIX_HEADER = YES;
				GCC_PREFIX_HEADER = "CTATransitApi/CTATransitApi-Prefix.pch";
				HEADER_SEARCH_PATHS = "$(SDKROOT)/usr/include/libxml2/**";
				OTHER_LDFLAGS = "-ObjC";
				PRODUCT_NAME = "$(TARGET_NAME)";
				PUBLIC_HEADERS_FOLDER_PATH = /headers;
				SKIP_INSTALL = YES;
			};
			name = Debug;
		};
		764BC90915712BB9002C4942 /* Release */ = {
			isa = XCBuildConfiguration;
			buildSettings = {
				DSTROOT = /tmp/CTATransitApi.dst;
				GCC_PRECOMPILE_PREFIX_HEADER = YES;
				GCC_PREFIX_HEADER = "CTATransitApi/CTATransitApi-Prefix.pch";
				HEADER_SEARCH_PATHS = "$(SDKROOT)/usr/include/libxml2/**";
				OTHER_LDFLAGS = "-ObjC";
				PRODUCT_NAME = "$(TARGET_NAME)";
				PUBLIC_HEADERS_FOLDER_PATH = /headers;
				SKIP_INSTALL = YES;
			};
			name = Release;
		};
/* End XCBuildConfiguration section */

/* Begin XCConfigurationList section */
		764001BB155B264500C25534 /* Build configuration list for PBXProject "CTATransitApiWrapper" */ = {
			isa = XCConfigurationList;
			buildConfigurations = (
				764001E0155B264500C25534 /* Debug */,
				764001E1155B264500C25534 /* Release */,
			);
			defaultConfigurationIsVisible = 0;
			defaultConfigurationName = Release;
		};
		764001E2155B264500C25534 /* Build configuration list for PBXNativeTarget "CTATransitApiWrapper" */ = {
			isa = XCConfigurationList;
			buildConfigurations = (
				764001E3155B264500C25534 /* Debug */,
				764001E4155B264500C25534 /* Release */,
			);
			defaultConfigurationIsVisible = 0;
			defaultConfigurationName = Release;
		};
		764BC8F815712B64002C4942 /* Build configuration list for PBXAggregateTarget "CTATransitApiWrapper-Universal" */ = {
			isa = XCConfigurationList;
			buildConfigurations = (
				764BC8F915712B64002C4942 /* Debug */,
				764BC8FA15712B64002C4942 /* Release */,
			);
			defaultConfigurationIsVisible = 0;
			defaultConfigurationName = Release;
		};
		764BC90715712BB9002C4942 /* Build configuration list for PBXNativeTarget "CTATransitApi" */ = {
			isa = XCConfigurationList;
			buildConfigurations = (
				764BC90815712BB9002C4942 /* Debug */,
				764BC90915712BB9002C4942 /* Release */,
			);
			defaultConfigurationIsVisible = 0;
			defaultConfigurationName = Release;
		};
/* End XCConfigurationList section */
	};
	rootObject = 764001B8155B264500C25534 /* Project object */;
}
